
Microsoft Visual Studio Solution File, Format Version 12.00
# Visual Studio 15
VisualStudioVersion = 15.0.28307.779
MinimumVisualStudioVersion = 10.0.40219.1
Project("{FAE04EC0-301F-11D3-BF4B-00C04F79EFBC}") = "Lab1-200402967-F2019", "Lab1-200402967-F2019\Lab1-200402967-F2019.csproj", "{D1F0B0D5-CA00-449B-86D9-206C6B54F13B}"
EndProject
Global
	GlobalSection(SolutionConfigurationPlatforms) = preSolution
		Debug|Any CPU = Debug|Any CPU
		Release|Any CPU = Release|Any CPU
	EndGlobalSection
	GlobalSection(ProjectConfigurationPlatforms) = postSolution
		{D1F0B0D5-CA00-449B-86D9-206C6B54F13B}.Debug|Any CPU.ActiveCfg = Debug|Any CPU
		{D1F0B0D5-CA00-449B-86D9-206C6B54F13B}.Debug|Any CPU.Build.0 = Debug|Any CPU
		{D1F0B0D5-CA00-449B-86D9-206C6B54F13B}.Release|Any CPU.ActiveCfg = Release|Any CPU
		{D1F0B0D5-CA00-449B-86D9-206C6B54F13B}.Release|Any CPU.Build.0 = Release|Any CPU
	EndGlobalSection
	GlobalSection(SolutionProperties) = preSolution
		HideSolutionNode = FALSE
	EndGlobalSection
	GlobalSection(ExtensibilityGlobals) = postSolution
		SolutionGuid = {A0536F9D-9AE2-4A11-9770-4C7C178661A5}
	EndGlobalSection
EndGlobal
